// !$*UTF8*$!
{
	archiveVersion = 1;
	classes = {
	};
	objectVersion = 55;
	objects = {

/* Begin PBXBuildFile section */
		0E94EEF09D7E3D9BB9A7D42D /* Pods_NobetciEczaneNative.framework in Frameworks */ = {isa = PBXBuildFile; fileRef = 0074548B1ED5F05940480A0F /* Pods_NobetciEczaneNative.framework */; };
		12E1E74F27901BF400F92D18 /* AppDelegate.swift in Sources */ = {isa = PBXBuildFile; fileRef = 12E1E74E27901BF400F92D18 /* AppDelegate.swift */; };
		12E1E75127901BF400F92D18 /* SceneDelegate.swift in Sources */ = {isa = PBXBuildFile; fileRef = 12E1E75027901BF400F92D18 /* SceneDelegate.swift */; };
		12E1E75327901BF400F92D18 /* ViewController.swift in Sources */ = {isa = PBXBuildFile; fileRef = 12E1E75227901BF400F92D18 /* ViewController.swift */; };
		12E1E75627901BF400F92D18 /* Main.storyboard in Resources */ = {isa = PBXBuildFile; fileRef = 12E1E75427901BF400F92D18 /* Main.storyboard */; };
		12E1E75827901BF500F92D18 /* Assets.xcassets in Resources */ = {isa = PBXBuildFile; fileRef = 12E1E75727901BF500F92D18 /* Assets.xcassets */; };
		12E1E75B27901BF500F92D18 /* LaunchScreen.storyboard in Resources */ = {isa = PBXBuildFile; fileRef = 12E1E75927901BF500F92D18 /* LaunchScreen.storyboard */; };
/* End PBXBuildFile section */

/* Begin PBXFileReference section */
		0074548B1ED5F05940480A0F /* Pods_NobetciEczaneNative.framework */ = {isa = PBXFileReference; explicitFileType = wrapper.framework; includeInIndex = 0; path = Pods_NobetciEczaneNative.framework; sourceTree = BUILT_PRODUCTS_DIR; };
		12E1E74B27901BF400F92D18 /* NobetciEczaneNative.app */ = {isa = PBXFileReference; explicitFileType = wrapper.application; includeInIndex = 0; path = NobetciEczaneNative.app; sourceTree = BUILT_PRODUCTS_DIR; };
		12E1E74E27901BF400F92D18 /* AppDelegate.swift */ = {isa = PBXFileReference; lastKnownFileType = sourcecode.swift; path = AppDelegate.swift; sourceTree = "<group>"; };
		12E1E75027901BF400F92D18 /* SceneDelegate.swift */ = {isa = PBXFileReference; lastKnownFileType = sourcecode.swift; path = SceneDelegate.swift; sourceTree = "<group>"; };
		12E1E75227901BF400F92D18 /* ViewController.swift */ = {isa = PBXFileReference; lastKnownFileType = sourcecode.swift; path = ViewController.swift; sourceTree = "<group>"; };
		12E1E75527901BF400F92D18 /* Base */ = {isa = PBXFileReference; lastKnownFileType = file.storyboard; name = Base; path = Base.lproj/Main.storyboard; sourceTree = "<group>"; };
		12E1E75727901BF500F92D18 /* Assets.xcassets */ = {isa = PBXFileReference; lastKnownFileType = folder.assetcatalog; path = Assets.xcassets; sourceTree = "<group>"; };
		12E1E75A27901BF500F92D18 /* Base */ = {isa = PBXFileReference; lastKnownFileType = file.storyboard; name = Base; path = Base.lproj/LaunchScreen.storyboard; sourceTree = "<group>"; };
		12E1E75C27901BF500F92D18 /* Info.plist */ = {isa = PBXFileReference; lastKnownFileType = text.plist.xml; path = Info.plist; sourceTree = "<group>"; };
		6EC61A88817E9891FB08EA30 /* Pods-NobetciEczaneNative.release.xcconfig */ = {isa = PBXFileReference; includeInIndex = 1; lastKnownFileType = text.xcconfig; name = "Pods-NobetciEczaneNative.release.xcconfig"; path = "Target Support Files/Pods-NobetciEczaneNative/Pods-NobetciEczaneNative.release.xcconfig"; sourceTree = "<group>"; };
		F3C744931F8551269C0D3CFF /* Pods-NobetciEczaneNative.debug.xcconfig */ = {isa = PBXFileReference; includeInIndex = 1; lastKnownFileType = text.xcconfig; name = "Pods-NobetciEczaneNative.debug.xcconfig"; path = "Target Support Files/Pods-NobetciEczaneNative/Pods-NobetciEczaneNative.debug.xcconfig"; sourceTree = "<group>"; };
/* End PBXFileReference section */

/* Begin PBXFrameworksBuildPhase section */
		12E1E74827901BF400F92D18 /* Frameworks */ = {
			isa = PBXFrameworksBuildPhase;
			buildActionMask = 2147483647;
			files = (
				0E94EEF09D7E3D9BB9A7D42D /* Pods_NobetciEczaneNative.framework in Frameworks */,
			);
			runOnlyForDeploymentPostprocessing = 0;
		};
/* End PBXFrameworksBuildPhase section */

/* Begin PBXGroup section */
		12E1E74227901BF400F92D18 = {
			isa = PBXGroup;
			children = (
				12E1E74D27901BF400F92D18 /* NobetciEczaneNative */,
				12E1E74C27901BF400F92D18 /* Products */,
				20DD4BF51EEBD150B1564FFE /* Pods */,
				27EAB5C61D37889165ABC930 /* Frameworks */,
			);
			sourceTree = "<group>";
		};
		12E1E74C27901BF400F92D18 /* Products */ = {
			isa = PBXGroup;
			children = (
				12E1E74B27901BF400F92D18 /* NobetciEczaneNative.app */,
			);
			name = Products;
			sourceTree = "<group>";
		};
		12E1E74D27901BF400F92D18 /* NobetciEczaneNative */ = {
			isa = PBXGroup;
			children = (
				12E1E74E27901BF400F92D18 /* AppDelegate.swift */,
				12E1E75027901BF400F92D18 /* SceneDelegate.swift */,
				12E1E75227901BF400F92D18 /* ViewController.swift */,
				12E1E75427901BF400F92D18 /* Main.storyboard */,
				12E1E75727901BF500F92D18 /* Assets.xcassets */,
				12E1E75927901BF500F92D18 /* LaunchScreen.storyboard */,
				12E1E75C27901BF500F92D18 /* Info.plist */,
			);
			path = NobetciEczaneNative;
			sourceTree = "<group>";
		};
		20DD4BF51EEBD150B1564FFE /* Pods */ = {
			isa = PBXGroup;
			children = (
				F3C744931F8551269C0D3CFF /* Pods-NobetciEczaneNative.debug.xcconfig */,
				6EC61A88817E9891FB08EA30 /* Pods-NobetciEczaneNative.release.xcconfig */,
			);
			name = Pods;
			path = Pods;
			sourceTree = "<group>";
		};
		27EAB5C61D37889165ABC930 /* Frameworks */ = {
			isa = PBXGroup;
			children = (
				0074548B1ED5F05940480A0F /* Pods_NobetciEczaneNative.framework */,
			);
			name = Frameworks;
			sourceTree = "<group>";
		};
/* End PBXGroup section */

/* Begin PBXNativeTarget section */
		12E1E74A27901BF400F92D18 /* NobetciEczaneNative */ = {
			isa = PBXNativeTarget;
			buildConfigurationList = 12E1E75F27901BF500F92D18 /* Build configuration list for PBXNativeTarget "NobetciEczaneNative" */;
			buildPhases = (
				D274E3CCCDC9E7CD1A60B862 /* [CP] Check Pods Manifest.lock */,
				12E1E74727901BF400F92D18 /* Sources */,
				12E1E74827901BF400F92D18 /* Frameworks */,
				12E1E74927901BF400F92D18 /* Resources */,
				36A36A2C1370539E0F9F47C4 /* [CP] Embed Pods Frameworks */,
			);
			buildRules = (
			);
			dependencies = (
			);
			name = NobetciEczaneNative;
			productName = NobetciEczaneNative;
			productReference = 12E1E74B27901BF400F92D18 /* NobetciEczaneNative.app */;
			productType = "com.apple.product-type.application";
		};
/* End PBXNativeTarget section */

/* Begin PBXProject section */
		12E1E74327901BF400F92D18 /* Project object */ = {
			isa = PBXProject;
			attributes = {
				BuildIndependentTargetsInParallel = 1;
				LastSwiftUpdateCheck = 1320;
				LastUpgradeCheck = 1320;
				TargetAttributes = {
					12E1E74A27901BF400F92D18 = {
						CreatedOnToolsVersion = 13.2.1;
					};
				};
			};
			buildConfigurationList = 12E1E74627901BF400F92D18 /* Build configuration list for PBXProject "NobetciEczaneNative" */;
			compatibilityVersion = "Xcode 13.0";
			developmentRegion = en;
			hasScannedForEncodings = 0;
			knownRegions = (
				en,
				Base,
			);
			mainGroup = 12E1E74227901BF400F92D18;
			productRefGroup = 12E1E74C27901BF400F92D18 /* Products */;
			projectDirPath = "";
			projectRoot = "";
			targets = (
				12E1E74A27901BF400F92D18 /* NobetciEczaneNative */,
			);
		};
/* End PBXProject section */

/* Begin PBXResourcesBuildPhase section */
		12E1E74927901BF400F92D18 /* Resources */ = {
			isa = PBXResourcesBuildPhase;
			buildActionMask = 2147483647;
			files = (
				12E1E75B27901BF500F92D18 /* LaunchScreen.storyboard in Resources */,
				12E1E75827901BF500F92D18 /* Assets.xcassets in Resources */,
				12E1E75627901BF400F92D18 /* Main.storyboard in Resources */,
			);
			runOnlyForDeploymentPostprocessing = 0;
		};
/* End PBXResourcesBuildPhase section */

/* Begin PBXShellScriptBuildPhase section */
		36A36A2C1370539E0F9F47C4 /* [CP] Embed Pods Frameworks */ = {
			isa = PBXShellScriptBuildPhase;
			buildActionMask = 2147483647;
			files = (
			);
			inputFileListPaths = (
				"${PODS_ROOT}/Target Support Files/Pods-NobetciEczaneNative/Pods-NobetciEczaneNative-frameworks-${CONFIGURATION}-input-files.xcfilelist",
			);
			name = "[CP] Embed Pods Frameworks";
			outputFileListPaths = (
				"${PODS_ROOT}/Target Support Files/Pods-NobetciEczaneNative/Pods-NobetciEczaneNative-frameworks-${CONFIGURATION}-output-files.xcfilelist",
			);
			runOnlyForDeploymentPostprocessing = 0;
			shellPath = /bin/sh;
			shellScript = "\"${PODS_ROOT}/Target Support Files/Pods-NobetciEczaneNative/Pods-NobetciEczaneNative-frameworks.sh\"\n";
			showEnvVarsInLog = 0;
		};
		D274E3CCCDC9E7CD1A60B862 /* [CP] Check Pods Manifest.lock */ = {
			isa = PBXShellScriptBuildPhase;
			buildActionMask = 2147483647;
			files = (
			);
			inputFileListPaths = (
			);
			inputPaths = (
				"${PODS_PODFILE_DIR_PATH}/Podfile.lock",
				"${PODS_ROOT}/Manifest.lock",
			);
			name = "[CP] Check Pods Manifest.lock";
			outputFileListPaths = (
			);
			outputPaths = (
				"$(DERIVED_FILE_DIR)/Pods-NobetciEczaneNative-checkManifestLockResult.txt",
			);
			runOnlyForDeploymentPostprocessing = 0;
			shellPath = /bin/sh;
			shellScript = "diff \"${PODS_PODFILE_DIR_PATH}/Podfile.lock\" \"${PODS_ROOT}/Manifest.lock\" > /dev/null\nif [ $? != 0 ] ; then\n    # print error to STDERR\n    echo \"error: The sandbox is not in sync with the Podfile.lock. Run 'pod install' or update your CocoaPods installation.\" >&2\n    exit 1\nfi\n# This output is used by Xcode 'outputs' to avoid re-running this script phase.\necho \"SUCCESS\" > \"${SCRIPT_OUTPUT_FILE_0}\"\n";
			showEnvVarsInLog = 0;
		};
/* End PBXShellScriptBuildPhase section */

/* Begin PBXSourcesBuildPhase section */
		12E1E74727901BF400F92D18 /* Sources */ = {
			isa = PBXSourcesBuildPhase;
			buildActionMask = 2147483647;
			files = (
				12E1E75327901BF400F92D18 /* ViewController.swift in Sources */,
				12E1E74F27901BF400F92D18 /* AppDelegate.swift in Sources */,
				12E1E75127901BF400F92D18 /* SceneDelegate.swift in Sources */,
			);
			runOnlyForDeploymentPostprocessing = 0;
		};
/* End PBXSourcesBuildPhase section */

/* Begin PBXVariantGroup section */
		12E1E75427901BF400F92D18 /* Main.storyboard */ = {
			isa = PBXVariantGroup;
			children = (
				12E1E75527901BF400F92D18 /* Base */,
			);
			name = Main.storyboard;
			sourceTree = "<group>";
		};
		12E1E75927901BF500F92D18 /* LaunchScreen.storyboard */ = {
			isa = PBXVariantGroup;
			children = (
				12E1E75A27901BF500F92D18 /* Base */,
			);
			name = LaunchScreen.storyboard;
			sourceTree = "<group>";
		};
/* End PBXVariantGroup section */

/* Begin XCBuildConfiguration section */
		12E1E75D27901BF500F92D18 /* Debug */ = {
			isa = XCBuildConfiguration;
			buildSettings = {
				ALWAYS_SEARCH_USER_PATHS = NO;
				CLANG_ANALYZER_NONNULL = YES;
				CLANG_ANALYZER_NUMBER_OBJECT_CONVERSION = YES_AGGRESSIVE;
				CLANG_CXX_LANGUAGE_STANDARD = "gnu++17";
				CLANG_CXX_LIBRARY = "libc++";
				CLANG_ENABLE_MODULES = YES;
				CLANG_ENABLE_OBJC_ARC = YES;
				CLANG_ENABLE_OBJC_WEAK = YES;
				CLANG_WARN_BLOCK_CAPTURE_AUTORELEASING = YES;
				CLANG_WARN_BOOL_CONVERSION = YES;
				CLANG_WARN_COMMA = YES;
				CLANG_WARN_CONSTANT_CONVERSION = YES;
				CLANG_WARN_DEPRECATED_OBJC_IMPLEMENTATIONS = YES;
				CLANG_WARN_DIRECT_OBJC_ISA_USAGE = YES_ERROR;
				CLANG_WARN_DOCUMENTATION_COMMENTS = YES;
				CLANG_WARN_EMPTY_BODY = YES;
				CLANG_WARN_ENUM_CONVERSION = YES;
				CLANG_WARN_INFINITE_RECURSION = YES;
				CLANG_WARN_INT_CONVERSION = YES;
				CLANG_WARN_NON_LITERAL_NULL_CONVERSION = YES;
				CLANG_WARN_OBJC_IMPLICIT_RETAIN_SELF = YES;
				CLANG_WARN_OBJC_LITERAL_CONVERSION = YES;
				CLANG_WARN_OBJC_ROOT_CLASS = YES_ERROR;
				CLANG_WARN_QUOTED_INCLUDE_IN_FRAMEWORK_HEADER = YES;
				CLANG_WARN_RANGE_LOOP_ANALYSIS = YES;
				CLANG_WARN_STRICT_PROTOTYPES = YES;
				CLANG_WARN_SUSPICIOUS_MOVE = YES;
				CLANG_WARN_UNGUARDED_AVAILABILITY = YES_AGGRESSIVE;
				CLANG_WARN_UNREACHABLE_CODE = YES;
				CLANG_WARN__DUPLICATE_METHOD_MATCH = YES;
				COPY_PHASE_STRIP = NO;
				DEBUG_INFORMATION_FORMAT = dwarf;
				ENABLE_STRICT_OBJC_MSGSEND = YES;
				ENABLE_TESTABILITY = YES;
				GCC_C_LANGUAGE_STANDARD = gnu11;
				GCC_DYNAMIC_NO_PIC = NO;
				GCC_NO_COMMON_BLOCKS = YES;
				GCC_OPTIMIZATION_LEVEL = 0;
				GCC_PREPROCESSOR_DEFINITIONS = (
					"DEBUG=1",
					"$(inherited)",
				);
				GCC_WARN_64_TO_32_BIT_CONVERSION = YES;
				GCC_WARN_ABOUT_RETURN_TYPE = YES_ERROR;
				GCC_WARN_UNDECLARED_SELECTOR = YES;
				GCC_WARN_UNINITIALIZED_AUTOS = YES_AGGRESSIVE;
				GCC_WARN_UNUSED_FUNCTION = YES;
				GCC_WARN_UNUSED_VARIABLE = YES;
				IPHONEOS_DEPLOYMENT_TARGET = 15.2;
				MTL_ENABLE_DEBUG_INFO = INCLUDE_SOURCE;
				MTL_FAST_MATH = YES;
				ONLY_ACTIVE_ARCH = YES;
				SDKROOT = iphoneos;
				SWIFT_ACTIVE_COMPILATION_CONDITIONS = DEBUG;
				SWIFT_OPTIMIZATION_LEVEL = "-Onone";
			};
			name = Debug;
		};
		12E1E75E27901BF500F92D18 /* Release */ = {
			isa = XCBuildConfiguration;
			buildSettings = {
				ALWAYS_SEARCH_USER_PATHS = NO;
				CLANG_ANALYZER_NONNULL = YES;
				CLANG_ANALYZER_NUMBER_OBJECT_CONVERSION = YES_AGGRESSIVE;
				CLANG_CXX_LANGUAGE_STANDARD = "gnu++17";
				CLANG_CXX_LIBRARY = "libc++";
				CLANG_ENABLE_MODULES = YES;
				CLANG_ENABLE_OBJC_ARC = YES;
				CLANG_ENABLE_OBJC_WEAK = YES;
				CLANG_WARN_BLOCK_CAPTURE_AUTORELEASING = YES;
				CLANG_WARN_BOOL_CONVERSION = YES;
				CLANG_WARN_COMMA = YES;
				CLANG_WARN_CONSTANT_CONVERSION = YES;
				CLANG_WARN_DEPRECATED_OBJC_IMPLEMENTATIONS = YES;
				CLANG_WARN_DIRECT_OBJC_ISA_USAGE = YES_ERROR;
				CLANG_WARN_DOCUMENTATION_COMMENTS = YES;
				CLANG_WARN_EMPTY_BODY = YES;
				CLANG_WARN_ENUM_CONVERSION = YES;
				CLANG_WARN_INFINITE_RECURSION = YES;
				CLANG_WARN_INT_CONVERSION = YES;
				CLANG_WARN_NON_LITERAL_NULL_CONVERSION = YES;
				CLANG_WARN_OBJC_IMPLICIT_RETAIN_SELF = YES;
				CLANG_WARN_OBJC_LITERAL_CONVERSION = YES;
				CLANG_WARN_OBJC_ROOT_CLASS = YES_ERROR;
				CLANG_WARN_QUOTED_INCLUDE_IN_FRAMEWORK_HEADER = YES;
				CLANG_WARN_RANGE_LOOP_ANALYSIS = YES;
				CLANG_WARN_STRICT_PROTOTYPES = YES;
				CLANG_WARN_SUSPICIOUS_MOVE = YES;
				CLANG_WARN_UNGUARDED_AVAILABILITY = YES_AGGRESSIVE;
				CLANG_WARN_UNREACHABLE_CODE = YES;
				CLANG_WARN__DUPLICATE_METHOD_MATCH = YES;
				COPY_PHASE_STRIP = NO;
				DEBUG_INFORMATION_FORMAT = "dwarf-with-dsym";
				ENABLE_NS_ASSERTIONS = NO;
				ENABLE_STRICT_OBJC_MSGSEND = YES;
				GCC_C_LANGUAGE_STANDARD = gnu11;
				GCC_NO_COMMON_BLOCKS = YES;
				GCC_WARN_64_TO_32_BIT_CONVERSION = YES;
				GCC_WARN_ABOUT_RETURN_TYPE = YES_ERROR;
				GCC_WARN_UNDECLARED_SELECTOR = YES;
				GCC_WARN_UNINITIALIZED_AUTOS = YES_AGGRESSIVE;
				GCC_WARN_UNUSED_FUNCTION = YES;
				GCC_WARN_UNUSED_VARIABLE = YES;
				IPHONEOS_DEPLOYMENT_TARGET = 15.2;
				MTL_ENABLE_DEBUG_INFO = NO;
				MTL_FAST_MATH = YES;
				SDKROOT = iphoneos;
				SWIFT_COMPILATION_MODE = wholemodule;
				SWIFT_OPTIMIZATION_LEVEL = "-O";
				VALIDATE_PRODUCT = YES;
			};
			name = Release;
		};
		12E1E76027901BF500F92D18 /* Debug */ = {
			isa = XCBuildConfiguration;
			baseConfigurationReference = F3C744931F8551269C0D3CFF /* Pods-NobetciEczaneNative.debug.xcconfig */;
			buildSettings = {
				ASSETCATALOG_COMPILER_APPICON_NAME = AppIcon;
				ASSETCATALOG_COMPILER_GLOBAL_ACCENT_COLOR_NAME = AccentColor;
				CODE_SIGN_STYLE = Automatic;
				CURRENT_PROJECT_VERSION = 1;
				DEVELOPMENT_TEAM = 9W5DEYM5K3;
				GENERATE_INFOPLIST_FILE = YES;
				INFOPLIST_FILE = NobetciEczaneNative/Info.plist;
				INFOPLIST_KEY_UIApplicationSupportsIndirectInputEvents = YES;
				INFOPLIST_KEY_UILaunchStoryboardName = LaunchScreen;
				INFOPLIST_KEY_UIMainStoryboardFile = Main;
				INFOPLIST_KEY_UISupportedInterfaceOrientations_iPad = "UIInterfaceOrientationPortrait UIInterfaceOrientationPortraitUpsideDown UIInterfaceOrientationLandscapeLeft UIInterfaceOrientationLandscapeRight";
				INFOPLIST_KEY_UISupportedInterfaceOrientations_iPhone = "UIInterfaceOrientationPortrait UIInterfaceOrientationLandscapeLeft UIInterfaceOrientationLandscapeRight";
				LD_RUNPATH_SEARCH_PATHS = (
					"$(inherited)",
					"@executable_path/Frameworks",
				);
				MARKETING_VERSION = 1.0;
				PRODUCT_BUNDLE_IDENTIFIER = com.zaferbozkurt.NobetciEczaneNative;
				PRODUCT_NAME = "$(TARGET_NAME)";
				SWIFT_EMIT_LOC_STRINGS = YES;
				SWIFT_VERSION = 5.0;
				TARGETED_DEVICE_FAMILY = "1,2";
			};
			name = Debug;
		};
		12E1E76127901BF500F92D18 /* Release */ = {
			isa = XCBuildConfiguration;
			baseConfigurationReference = 6EC61A88817E9891FB08EA30 /* Pods-NobetciEczaneNative.release.xcconfig */;
			buildSettings = {
				ASSETCATALOG_COMPILER_APPICON_NAME = AppIcon;
				ASSETCATALOG_COMPILER_GLOBAL_ACCENT_COLOR_NAME = AccentColor;
				CODE_SIGN_STYLE = Automatic;
				CURRENT_PROJECT_VERSION = 1;
				DEVELOPMENT_TEAM = 9W5DEYM5K3;
				GENERATE_INFOPLIST_FILE = YES;
				INFOPLIST_FILE = NobetciEczaneNative/Info.plist;
				INFOPLIST_KEY_UIApplicationSupportsIndirectInputEvents = YES;
				INFOPLIST_KEY_UILaunchStoryboardName = LaunchScreen;
				INFOPLIST_KEY_UIMainStoryboardFile = Main;
				INFOPLIST_KEY_UISupportedInterfaceOrientations_iPad = "UIInterfaceOrientationPortrait UIInterfaceOrientationPortraitUpsideDown UIInterfaceOrientationLandscapeLeft UIInterfaceOrientationLandscapeRight";
				INFOPLIST_KEY_UISupportedInterfaceOrientations_iPhone = "UIInterfaceOrientationPortrait UIInterfaceOrientationLandscapeLeft UIInterfaceOrientationLandscapeRight";
				LD_RUNPATH_SEARCH_PATHS = (
					"$(inherited)",
					"@executable_path/Frameworks",
				);
				MARKETING_VERSION = 1.0;
				PRODUCT_BUNDLE_IDENTIFIER = com.zaferbozkurt.NobetciEczaneNative;
				PRODUCT_NAME = "$(TARGET_NAME)";
				SWIFT_EMIT_LOC_STRINGS = YES;
				SWIFT_VERSION = 5.0;
				TARGETED_DEVICE_FAMILY = "1,2";
			};
			name = Release;
		};
/* End XCBuildConfiguration section */

/* Begin XCConfigurationList section */
		12E1E74627901BF400F92D18 /* Build configuration list for PBXProject "NobetciEczaneNative" */ = {
			isa = XCConfigurationList;
			buildConfigurations = (
				12E1E75D27901BF500F92D18 /* Debug */,
				12E1E75E27901BF500F92D18 /* Release */,
			);
			defaultConfigurationIsVisible = 0;
			defaultConfigurationName = Release;
		};
		12E1E75F27901BF500F92D18 /* Build configuration list for PBXNativeTarget "NobetciEczaneNative" */ = {
			isa = XCConfigurationList;
			buildConfigurations = (
				12E1E76027901BF500F92D18 /* Debug */,
				12E1E76127901BF500F92D18 /* Release */,
			);
			defaultConfigurationIsVisible = 0;
			defaultConfigurationName = Release;
		};
/* End XCConfigurationList section */
	};
	rootObject = 12E1E74327901BF400F92D18 /* Project object */;
}
